
Microsoft Visual Studio Solution File, Format Version 12.00
# Visual Studio 14
VisualStudioVersion = 14.0.24720.0
MinimumVisualStudioVersion = 10.0.40219.1
Project("{FAE04EC0-301F-11D3-BF4B-00C04F79EFBC}") = "DemoProvider", "DemoProvider\DemoProvider.csproj", "{593D97C8-BD1E-4505-AB9C-0C7FE37F2CC4}"
EndProject
Project("{FAE04EC0-301F-11D3-BF4B-00C04F79EFBC}") = "DemoProviderWeb", "DemoProviderWeb\DemoProviderWeb.csproj", "{4BA79981-73D2-471F-97FA-DCD1B19FE093}"
EndProject
Global
	GlobalSection(SolutionConfigurationPlatforms) = preSolution
		Debug|Any CPU = Debug|Any CPU
		Release|Any CPU = Release|Any CPU
	EndGlobalSection
	GlobalSection(ProjectConfigurationPlatforms) = postSolution
		{593D97C8-BD1E-4505-AB9C-0C7FE37F2CC4}.Debug|Any CPU.ActiveCfg = Debug|Any CPU
		{593D97C8-BD1E-4505-AB9C-0C7FE37F2CC4}.Debug|Any CPU.Build.0 = Debug|Any CPU
		{593D97C8-BD1E-4505-AB9C-0C7FE37F2CC4}.Debug|Any CPU.Deploy.0 = Debug|Any CPU
		{593D97C8-BD1E-4505-AB9C-0C7FE37F2CC4}.Release|Any CPU.ActiveCfg = Release|Any CPU
		{593D97C8-BD1E-4505-AB9C-0C7FE37F2CC4}.Release|Any CPU.Build.0 = Release|Any CPU
		{593D97C8-BD1E-4505-AB9C-0C7FE37F2CC4}.Release|Any CPU.Deploy.0 = Release|Any CPU
		{4BA79981-73D2-471F-97FA-DCD1B19FE093}.Debug|Any CPU.ActiveCfg = Debug|Any CPU
		{4BA79981-73D2-471F-97FA-DCD1B19FE093}.Debug|Any CPU.Build.0 = Debug|Any CPU
		{4BA79981-73D2-471F-97FA-DCD1B19FE093}.Release|Any CPU.ActiveCfg = Release|Any CPU
		{4BA79981-73D2-471F-97FA-DCD1B19FE093}.Release|Any CPU.Build.0 = Release|Any CPU
	EndGlobalSection
	GlobalSection(SolutionProperties) = preSolution
		HideSolutionNode = FALSE
	EndGlobalSection
EndGlobal
